# This file is automatically @generated by Cargo.
# It is not intended for manual editing.
[[package]]
name = "cpu-control"
version = "0.1.0"
dependencies = [
 "cpu-sysfs 0.1.0",
]

[[package]]
name = "cpu-sysfs"
version = "0.1.0"

[[package]]
name = "laptop-control"
version = "0.1.0"
dependencies = [
 "cpu-control 0.1.0",
]

